
Microsoft Visual Studio Solution File, Format Version 12.00
# Visual Studio Version 17
VisualStudioVersion = 17.9.34622.214
MinimumVisualStudioVersion = 10.0.40219.1
Project("{FAE04EC0-301F-11D3-BF4B-00C04F79EFBC}") = "Jellyfin.Plugin.RadarrUpcoming", "Jellyfin.Plugin.RadarrUpcoming\Jellyfin.Plugin.RadarrUpcoming.csproj", "{B17AEFDF-75A5-402D-80A4-171F9D7AA767}"
EndProject
Global
	GlobalSection(SolutionConfigurationPlatforms) = preSolution
		Debug|Any CPU = Debug|Any CPU
		Release|Any CPU = Release|Any CPU
	EndGlobalSection
	GlobalSection(ProjectConfigurationPlatforms) = postSolution
		{B17AEFDF-75A5-402D-80A4-171F9D7AA767}.Debug|Any CPU.ActiveCfg = Debug|Any CPU
		{B17AEFDF-75A5-402D-80A4-171F9D7AA767}.Debug|Any CPU.Build.0 = Debug|Any CPU
		{B17AEFDF-75A5-402D-80A4-171F9D7AA767}.Release|Any CPU.ActiveCfg = Release|Any CPU
		{B17AEFDF-75A5-402D-80A4-171F9D7AA767}.Release|Any CPU.Build.0 = Release|Any CPU
	EndGlobalSection
	GlobalSection(SolutionProperties) = preSolution
		HideSolutionNode = FALSE
	EndGlobalSection
	GlobalSection(ExtensibilityGlobals) = postSolution
		SolutionGuid = {DCB1471E-DE2F-4943-8841-EB2FD0536C21}
	EndGlobalSection
EndGlobal
